
Microsoft Visual Studio Solution File, Format Version 12.00
# Visual Studio Version 16
VisualStudioVersion = 16.0.29728.190
MinimumVisualStudioVersion = 10.0.40219.1
Project("{FAE04EC0-301F-11D3-BF4B-00C04F79EFBC}") = "MyCicle.Android", "MyCicle\MyCicle.Android\MyCicle.Android.csproj", "{92263155-2D4C-44F1-A662-D253AC5DA34D}"
EndProject
Project("{9A19103F-16F7-4668-BE54-9A1E7A4F7556}") = "MyCicle", "MyCicle\MyCicle\MyCicle.csproj", "{8654163D-531A-4ACF-A651-B3929795CDA0}"
EndProject
Global
	GlobalSection(SolutionConfigurationPlatforms) = preSolution
		Debug|Any CPU = Debug|Any CPU
		Debug|iPhone = Debug|iPhone
		Debug|iPhoneSimulator = Debug|iPhoneSimulator
		Release|Any CPU = Release|Any CPU
		Release|iPhone = Release|iPhone
		Release|iPhoneSimulator = Release|iPhoneSimulator
	EndGlobalSection
	GlobalSection(ProjectConfigurationPlatforms) = postSolution
		{92263155-2D4C-44F1-A662-D253AC5DA34D}.Debug|Any CPU.ActiveCfg = Debug|Any CPU
		{92263155-2D4C-44F1-A662-D253AC5DA34D}.Debug|Any CPU.Build.0 = Debug|Any CPU
		{92263155-2D4C-44F1-A662-D253AC5DA34D}.Debug|Any CPU.Deploy.0 = Debug|Any CPU
		{92263155-2D4C-44F1-A662-D253AC5DA34D}.Debug|iPhone.ActiveCfg = Debug|Any CPU
		{92263155-2D4C-44F1-A662-D253AC5DA34D}.Debug|iPhone.Build.0 = Debug|Any CPU
		{92263155-2D4C-44F1-A662-D253AC5DA34D}.Debug|iPhone.Deploy.0 = Debug|Any CPU
		{92263155-2D4C-44F1-A662-D253AC5DA34D}.Debug|iPhoneSimulator.ActiveCfg = Debug|Any CPU
		{92263155-2D4C-44F1-A662-D253AC5DA34D}.Debug|iPhoneSimulator.Build.0 = Debug|Any CPU
		{92263155-2D4C-44F1-A662-D253AC5DA34D}.Debug|iPhoneSimulator.Deploy.0 = Debug|Any CPU
		{92263155-2D4C-44F1-A662-D253AC5DA34D}.Release|Any CPU.ActiveCfg = Release|Any CPU
		{92263155-2D4C-44F1-A662-D253AC5DA34D}.Release|Any CPU.Build.0 = Release|Any CPU
		{92263155-2D4C-44F1-A662-D253AC5DA34D}.Release|Any CPU.Deploy.0 = Release|Any CPU
		{92263155-2D4C-44F1-A662-D253AC5DA34D}.Release|iPhone.ActiveCfg = Release|Any CPU
		{92263155-2D4C-44F1-A662-D253AC5DA34D}.Release|iPhone.Build.0 = Release|Any CPU
		{92263155-2D4C-44F1-A662-D253AC5DA34D}.Release|iPhone.Deploy.0 = Release|Any CPU
		{92263155-2D4C-44F1-A662-D253AC5DA34D}.Release|iPhoneSimulator.ActiveCfg = Release|Any CPU
		{92263155-2D4C-44F1-A662-D253AC5DA34D}.Release|iPhoneSimulator.Build.0 = Release|Any CPU
		{92263155-2D4C-44F1-A662-D253AC5DA34D}.Release|iPhoneSimulator.Deploy.0 = Release|Any CPU
		{8654163D-531A-4ACF-A651-B3929795CDA0}.Debug|Any CPU.ActiveCfg = Debug|Any CPU
		{8654163D-531A-4ACF-A651-B3929795CDA0}.Debug|Any CPU.Build.0 = Debug|Any CPU
		{8654163D-531A-4ACF-A651-B3929795CDA0}.Debug|Any CPU.Deploy.0 = Debug|Any CPU
		{8654163D-531A-4ACF-A651-B3929795CDA0}.Debug|iPhone.ActiveCfg = Debug|Any CPU
		{8654163D-531A-4ACF-A651-B3929795CDA0}.Debug|iPhone.Build.0 = Debug|Any CPU
		{8654163D-531A-4ACF-A651-B3929795CDA0}.Debug|iPhone.Deploy.0 = Debug|Any CPU
		{8654163D-531A-4ACF-A651-B3929795CDA0}.Debug|iPhoneSimulator.ActiveCfg = Debug|Any CPU
		{8654163D-531A-4ACF-A651-B3929795CDA0}.Debug|iPhoneSimulator.Build.0 = Debug|Any CPU
		{8654163D-531A-4ACF-A651-B3929795CDA0}.Debug|iPhoneSimulator.Deploy.0 = Debug|Any CPU
		{8654163D-531A-4ACF-A651-B3929795CDA0}.Release|Any CPU.ActiveCfg = Release|Any CPU
		{8654163D-531A-4ACF-A651-B3929795CDA0}.Release|Any CPU.Build.0 = Release|Any CPU
		{8654163D-531A-4ACF-A651-B3929795CDA0}.Release|Any CPU.Deploy.0 = Release|Any CPU
		{8654163D-531A-4ACF-A651-B3929795CDA0}.Release|iPhone.ActiveCfg = Release|Any CPU
		{8654163D-531A-4ACF-A651-B3929795CDA0}.Release|iPhone.Build.0 = Release|Any CPU
		{8654163D-531A-4ACF-A651-B3929795CDA0}.Release|iPhone.Deploy.0 = Release|Any CPU
		{8654163D-531A-4ACF-A651-B3929795CDA0}.Release|iPhoneSimulator.ActiveCfg = Release|Any CPU
		{8654163D-531A-4ACF-A651-B3929795CDA0}.Release|iPhoneSimulator.Build.0 = Release|Any CPU
		{8654163D-531A-4ACF-A651-B3929795CDA0}.Release|iPhoneSimulator.Deploy.0 = Release|Any CPU
	EndGlobalSection
	GlobalSection(SolutionProperties) = preSolution
		HideSolutionNode = FALSE
	EndGlobalSection
	GlobalSection(ExtensibilityGlobals) = postSolution
		SolutionGuid = {20D8EF3B-FAD4-4B18-A4C3-85F360C69764}
	EndGlobalSection
EndGlobal
